
Microsoft Visual Studio Solution File, Format Version 12.00
# Visual Studio Version 17
VisualStudioVersion = 17.13.35913.81
MinimumVisualStudioVersion = 10.0.40219.1
Project("{FAE04EC0-301F-11D3-BF4B-00C04F79EFBC}") = "AuthService", "AuthService\AuthService.csproj", "{6CDAB7B3-DE4F-6FF5-06F0-D824F083F1AF}"
EndProject
Project("{FAE04EC0-301F-11D3-BF4B-00C04F79EFBC}") = "FuelConsumption", "FuelConsumption\FuelConsumption.csproj", "{92A904C6-0306-C5A8-808C-DAF414B6D9E0}"
EndProject
Project("{FAE04EC0-301F-11D3-BF4B-00C04F79EFBC}") = "Gateway", "Gateway\Gateway.csproj", "{2CADB68C-FB3B-D474-56C8-AE901F365B9C}"
EndProject
Project("{FAE04EC0-301F-11D3-BF4B-00C04F79EFBC}") = "RouteService", "RouteService\RouteService.csproj", "{AE5521BF-D370-AA02-61B8-21A0348B5C83}"
EndProject
Project("{FAE04EC0-301F-11D3-BF4B-00C04F79EFBC}") = "VehicleService", "VehicleService\VehicleService.csproj", "{26E47A94-3C1F-61E0-D206-E4B7501BF371}"
EndProject
Project("{FAE04EC0-301F-11D3-BF4B-00C04F79EFBC}") = "DriverService", "DriverService\DriverService.csproj", "{161D1154-B747-44CF-BE9B-7CB2C598473E}"
EndProject
Global
	GlobalSection(SolutionConfigurationPlatforms) = preSolution
		Debug|Any CPU = Debug|Any CPU
		Release|Any CPU = Release|Any CPU
	EndGlobalSection
	GlobalSection(ProjectConfigurationPlatforms) = postSolution
		{6CDAB7B3-DE4F-6FF5-06F0-D824F083F1AF}.Debug|Any CPU.ActiveCfg = Debug|Any CPU
		{6CDAB7B3-DE4F-6FF5-06F0-D824F083F1AF}.Debug|Any CPU.Build.0 = Debug|Any CPU
		{6CDAB7B3-DE4F-6FF5-06F0-D824F083F1AF}.Release|Any CPU.ActiveCfg = Release|Any CPU
		{6CDAB7B3-DE4F-6FF5-06F0-D824F083F1AF}.Release|Any CPU.Build.0 = Release|Any CPU
		{92A904C6-0306-C5A8-808C-DAF414B6D9E0}.Debug|Any CPU.ActiveCfg = Debug|Any CPU
		{92A904C6-0306-C5A8-808C-DAF414B6D9E0}.Debug|Any CPU.Build.0 = Debug|Any CPU
		{92A904C6-0306-C5A8-808C-DAF414B6D9E0}.Release|Any CPU.ActiveCfg = Release|Any CPU
		{92A904C6-0306-C5A8-808C-DAF414B6D9E0}.Release|Any CPU.Build.0 = Release|Any CPU
		{2CADB68C-FB3B-D474-56C8-AE901F365B9C}.Debug|Any CPU.ActiveCfg = Debug|Any CPU
		{2CADB68C-FB3B-D474-56C8-AE901F365B9C}.Debug|Any CPU.Build.0 = Debug|Any CPU
		{2CADB68C-FB3B-D474-56C8-AE901F365B9C}.Release|Any CPU.ActiveCfg = Release|Any CPU
		{2CADB68C-FB3B-D474-56C8-AE901F365B9C}.Release|Any CPU.Build.0 = Release|Any CPU
		{AE5521BF-D370-AA02-61B8-21A0348B5C83}.Debug|Any CPU.ActiveCfg = Debug|Any CPU
		{AE5521BF-D370-AA02-61B8-21A0348B5C83}.Debug|Any CPU.Build.0 = Debug|Any CPU
		{AE5521BF-D370-AA02-61B8-21A0348B5C83}.Release|Any CPU.ActiveCfg = Release|Any CPU
		{AE5521BF-D370-AA02-61B8-21A0348B5C83}.Release|Any CPU.Build.0 = Release|Any CPU
		{26E47A94-3C1F-61E0-D206-E4B7501BF371}.Debug|Any CPU.ActiveCfg = Debug|Any CPU
		{26E47A94-3C1F-61E0-D206-E4B7501BF371}.Debug|Any CPU.Build.0 = Debug|Any CPU
		{26E47A94-3C1F-61E0-D206-E4B7501BF371}.Release|Any CPU.ActiveCfg = Release|Any CPU
		{26E47A94-3C1F-61E0-D206-E4B7501BF371}.Release|Any CPU.Build.0 = Release|Any CPU
		{161D1154-B747-44CF-BE9B-7CB2C598473E}.Debug|Any CPU.ActiveCfg = Debug|Any CPU
		{161D1154-B747-44CF-BE9B-7CB2C598473E}.Debug|Any CPU.Build.0 = Debug|Any CPU
		{161D1154-B747-44CF-BE9B-7CB2C598473E}.Release|Any CPU.ActiveCfg = Release|Any CPU
		{161D1154-B747-44CF-BE9B-7CB2C598473E}.Release|Any CPU.Build.0 = Release|Any CPU
	EndGlobalSection
	GlobalSection(SolutionProperties) = preSolution
		HideSolutionNode = FALSE
	EndGlobalSection
	GlobalSection(ExtensibilityGlobals) = postSolution
		SolutionGuid = {19DE942B-0B9F-4749-94CF-9E572D89A2EC}
	EndGlobalSection
EndGlobal
