
Microsoft Visual Studio Solution File, Format Version 12.00
# Visual Studio Version 17
VisualStudioVersion = 17.13.35913.81 d17.13
MinimumVisualStudioVersion = 10.0.40219.1
Project("{FAE04EC0-301F-11D3-BF4B-00C04F79EFBC}") = "AuthService", "AuthService\AuthService.csproj", "{6BDE843B-6C3A-DF3D-4B0D-1EE5DDE2C18D}"
EndProject
Project("{FAE04EC0-301F-11D3-BF4B-00C04F79EFBC}") = "Gateway", "Gateway\Gateway.csproj", "{5FE28EA8-49B9-F801-D6C3-297A2D51646F}"
EndProject
Project("{FAE04EC0-301F-11D3-BF4B-00C04F79EFBC}") = "VehicleService", "VehicleService\VehicleService.csproj", "{DA9225FA-5A27-868B-3D6F-DCB0E0EBBBDE}"
EndProject
Project("{FAE04EC0-301F-11D3-BF4B-00C04F79EFBC}") = "RouteService", "RouteService\RouteService.csproj", "{F16AD50C-B3C4-4629-BF49-D35B60618FE1}"
EndProject
Global
	GlobalSection(SolutionConfigurationPlatforms) = preSolution
		Debug|Any CPU = Debug|Any CPU
		Release|Any CPU = Release|Any CPU
	EndGlobalSection
	GlobalSection(ProjectConfigurationPlatforms) = postSolution
		{6BDE843B-6C3A-DF3D-4B0D-1EE5DDE2C18D}.Debug|Any CPU.ActiveCfg = Debug|Any CPU
		{6BDE843B-6C3A-DF3D-4B0D-1EE5DDE2C18D}.Debug|Any CPU.Build.0 = Debug|Any CPU
		{6BDE843B-6C3A-DF3D-4B0D-1EE5DDE2C18D}.Release|Any CPU.ActiveCfg = Release|Any CPU
		{6BDE843B-6C3A-DF3D-4B0D-1EE5DDE2C18D}.Release|Any CPU.Build.0 = Release|Any CPU
		{5FE28EA8-49B9-F801-D6C3-297A2D51646F}.Debug|Any CPU.ActiveCfg = Debug|Any CPU
		{5FE28EA8-49B9-F801-D6C3-297A2D51646F}.Debug|Any CPU.Build.0 = Debug|Any CPU
		{5FE28EA8-49B9-F801-D6C3-297A2D51646F}.Release|Any CPU.ActiveCfg = Release|Any CPU
		{5FE28EA8-49B9-F801-D6C3-297A2D51646F}.Release|Any CPU.Build.0 = Release|Any CPU
		{DA9225FA-5A27-868B-3D6F-DCB0E0EBBBDE}.Debug|Any CPU.ActiveCfg = Debug|Any CPU
		{DA9225FA-5A27-868B-3D6F-DCB0E0EBBBDE}.Debug|Any CPU.Build.0 = Debug|Any CPU
		{DA9225FA-5A27-868B-3D6F-DCB0E0EBBBDE}.Release|Any CPU.ActiveCfg = Release|Any CPU
		{DA9225FA-5A27-868B-3D6F-DCB0E0EBBBDE}.Release|Any CPU.Build.0 = Release|Any CPU
		{F16AD50C-B3C4-4629-BF49-D35B60618FE1}.Debug|Any CPU.ActiveCfg = Debug|Any CPU
		{F16AD50C-B3C4-4629-BF49-D35B60618FE1}.Debug|Any CPU.Build.0 = Debug|Any CPU
		{F16AD50C-B3C4-4629-BF49-D35B60618FE1}.Release|Any CPU.ActiveCfg = Release|Any CPU
		{F16AD50C-B3C4-4629-BF49-D35B60618FE1}.Release|Any CPU.Build.0 = Release|Any CPU
	EndGlobalSection
	GlobalSection(SolutionProperties) = preSolution
		HideSolutionNode = FALSE
	EndGlobalSection
	GlobalSection(ExtensibilityGlobals) = postSolution
		SolutionGuid = {19DE942B-0B9F-4749-94CF-9E572D89A2EC}
	EndGlobalSection
EndGlobal
