
Microsoft Visual Studio Solution File, Format Version 12.00
# Visual Studio Version 17
VisualStudioVersion = 17.13.35913.81
MinimumVisualStudioVersion = 10.0.40219.1
Project("{FAE04EC0-301F-11D3-BF4B-00C04F79EFBC}") = "VehicleService", "..\VehicleService\VehicleService.csproj", "{CFA51196-8A33-49A9-B918-88B3EF337CB1}"
EndProject
Project("{FAE04EC0-301F-11D3-BF4B-00C04F79EFBC}") = "AuthService", "..\AuthService\AuthService.csproj", "{16D68205-ACDC-4AF6-83EC-EDA3052140FD}"
EndProject
Project("{FAE04EC0-301F-11D3-BF4B-00C04F79EFBC}") = "Gateway", "..\Gateway\Gateway.csproj", "{21DAD33C-B236-4214-9DFF-686955BB1453}"
EndProject
Global
	GlobalSection(SolutionConfigurationPlatforms) = preSolution
		Debug|Any CPU = Debug|Any CPU
		Release|Any CPU = Release|Any CPU
	EndGlobalSection
	GlobalSection(ProjectConfigurationPlatforms) = postSolution
		{CFA51196-8A33-49A9-B918-88B3EF337CB1}.Debug|Any CPU.ActiveCfg = Debug|Any CPU
		{CFA51196-8A33-49A9-B918-88B3EF337CB1}.Debug|Any CPU.Build.0 = Debug|Any CPU
		{CFA51196-8A33-49A9-B918-88B3EF337CB1}.Release|Any CPU.ActiveCfg = Release|Any CPU
		{CFA51196-8A33-49A9-B918-88B3EF337CB1}.Release|Any CPU.Build.0 = Release|Any CPU
		{16D68205-ACDC-4AF6-83EC-EDA3052140FD}.Debug|Any CPU.ActiveCfg = Debug|Any CPU
		{16D68205-ACDC-4AF6-83EC-EDA3052140FD}.Debug|Any CPU.Build.0 = Debug|Any CPU
		{16D68205-ACDC-4AF6-83EC-EDA3052140FD}.Release|Any CPU.ActiveCfg = Release|Any CPU
		{16D68205-ACDC-4AF6-83EC-EDA3052140FD}.Release|Any CPU.Build.0 = Release|Any CPU
		{21DAD33C-B236-4214-9DFF-686955BB1453}.Debug|Any CPU.ActiveCfg = Debug|Any CPU
		{21DAD33C-B236-4214-9DFF-686955BB1453}.Debug|Any CPU.Build.0 = Debug|Any CPU
		{21DAD33C-B236-4214-9DFF-686955BB1453}.Release|Any CPU.ActiveCfg = Release|Any CPU
		{21DAD33C-B236-4214-9DFF-686955BB1453}.Release|Any CPU.Build.0 = Release|Any CPU
	EndGlobalSection
	GlobalSection(SolutionProperties) = preSolution
		HideSolutionNode = FALSE
	EndGlobalSection
	GlobalSection(ExtensibilityGlobals) = postSolution
		SolutionGuid = {367BE588-E3BA-4071-B158-1EF37A7405B5}
	EndGlobalSection
EndGlobal
